// !$*UTF8*$!
{
	archiveVersion = 1;
	classes = {
	};
	objectVersion = 46;
	objects = {

/* Begin PBXBuildFile section */
		41A781E51B1750610081A84C /* AppDelegate.swift in Sources */ = {isa = PBXBuildFile; fileRef = 41A781E41B1750610081A84C /* AppDelegate.swift */; };
		41A781E71B1750610081A84C /* MasterViewController.swift in Sources */ = {isa = PBXBuildFile; fileRef = 41A781E61B1750610081A84C /* MasterViewController.swift */; };
		41A781E91B1750610081A84C /* DetailViewController.swift in Sources */ = {isa = PBXBuildFile; fileRef = 41A781E81B1750610081A84C /* DetailViewController.swift */; };
		41A781EC1B1750610081A84C /* Main.storyboard in Resources */ = {isa = PBXBuildFile; fileRef = 41A781EA1B1750610081A84C /* Main.storyboard */; };
		41A781EE1B1750610081A84C /* Images.xcassets in Resources */ = {isa = PBXBuildFile; fileRef = 41A781ED1B1750610081A84C /* Images.xcassets */; };
		41A781F11B1750610081A84C /* LaunchScreen.xib in Resources */ = {isa = PBXBuildFile; fileRef = 41A781EF1B1750610081A84C /* LaunchScreen.xib */; };
		41A781FD1B1750610081A84C /* SuperFriendsTests.swift in Sources */ = {isa = PBXBuildFile; fileRef = 41A781FC1B1750610081A84C /* SuperFriendsTests.swift */; };
		41A782081B1752D10081A84C /* Bolts.framework in Frameworks */ = {isa = PBXBuildFile; fileRef = 41A782071B1752D10081A84C /* Bolts.framework */; };
		41A7820A1B1752DD0081A84C /* Parse.framework in Frameworks */ = {isa = PBXBuildFile; fileRef = 41A782091B1752DD0081A84C /* Parse.framework */; };
		41A7820C1B1753630081A84C /* AudioToolbox.framework in Frameworks */ = {isa = PBXBuildFile; fileRef = 41A7820B1B1753630081A84C /* AudioToolbox.framework */; };
		41A7820E1B1753770081A84C /* CFNetwork.framework in Frameworks */ = {isa = PBXBuildFile; fileRef = 41A7820D1B1753770081A84C /* CFNetwork.framework */; };
		41A782101B1753810081A84C /* CoreGraphics.framework in Frameworks */ = {isa = PBXBuildFile; fileRef = 41A7820F1B1753810081A84C /* CoreGraphics.framework */; };
		41A782121B17538B0081A84C /* CoreLocation.framework in Frameworks */ = {isa = PBXBuildFile; fileRef = 41A782111B17538B0081A84C /* CoreLocation.framework */; };
		41A782141B1753950081A84C /* MobileCoreServices.framework in Frameworks */ = {isa = PBXBuildFile; fileRef = 41A782131B1753950081A84C /* MobileCoreServices.framework */; };
		41A782161B1753AA0081A84C /* QuartzCore.framework in Frameworks */ = {isa = PBXBuildFile; fileRef = 41A782151B1753AA0081A84C /* QuartzCore.framework */; };
		41A782181B1753B40081A84C /* Security.framework in Frameworks */ = {isa = PBXBuildFile; fileRef = 41A782171B1753B40081A84C /* Security.framework */; };
		41A7821A1B1753BD0081A84C /* StoreKit.framework in Frameworks */ = {isa = PBXBuildFile; fileRef = 41A782191B1753BD0081A84C /* StoreKit.framework */; };
		41A7821C1B1753C70081A84C /* SystemConfiguration.framework in Frameworks */ = {isa = PBXBuildFile; fileRef = 41A7821B1B1753C60081A84C /* SystemConfiguration.framework */; };
		41A7821E1B1753D90081A84C /* libz.dylib in Frameworks */ = {isa = PBXBuildFile; fileRef = 41A7821D1B1753D90081A84C /* libz.dylib */; };
		41A782201B1753EB0081A84C /* libsqlite3.dylib in Frameworks */ = {isa = PBXBuildFile; fileRef = 41A7821F1B1753EB0081A84C /* libsqlite3.dylib */; };
/* End PBXBuildFile section */

/* Begin PBXContainerItemProxy section */
		41A781F71B1750610081A84C /* PBXContainerItemProxy */ = {
			isa = PBXContainerItemProxy;
			containerPortal = 41A781D71B1750610081A84C /* Project object */;
			proxyType = 1;
			remoteGlobalIDString = 41A781DE1B1750610081A84C;
			remoteInfo = SuperFriends;
		};
/* End PBXContainerItemProxy section */

/* Begin PBXFileReference section */
		41A781DF1B1750610081A84C /* SuperFriends.app */ = {isa = PBXFileReference; explicitFileType = wrapper.application; includeInIndex = 0; path = SuperFriends.app; sourceTree = BUILT_PRODUCTS_DIR; };
		41A781E31B1750610081A84C /* Info.plist */ = {isa = PBXFileReference; lastKnownFileType = text.plist.xml; path = Info.plist; sourceTree = "<group>"; };
		41A781E41B1750610081A84C /* AppDelegate.swift */ = {isa = PBXFileReference; lastKnownFileType = sourcecode.swift; path = AppDelegate.swift; sourceTree = "<group>"; };
		41A781E61B1750610081A84C /* MasterViewController.swift */ = {isa = PBXFileReference; lastKnownFileType = sourcecode.swift; path = MasterViewController.swift; sourceTree = "<group>"; };
		41A781E81B1750610081A84C /* DetailViewController.swift */ = {isa = PBXFileReference; lastKnownFileType = sourcecode.swift; path = DetailViewController.swift; sourceTree = "<group>"; };
		41A781EB1B1750610081A84C /* Base */ = {isa = PBXFileReference; lastKnownFileType = file.storyboard; name = Base; path = Base.lproj/Main.storyboard; sourceTree = "<group>"; };
		41A781ED1B1750610081A84C /* Images.xcassets */ = {isa = PBXFileReference; lastKnownFileType = folder.assetcatalog; path = Images.xcassets; sourceTree = "<group>"; };
		41A781F01B1750610081A84C /* Base */ = {isa = PBXFileReference; lastKnownFileType = file.xib; name = Base; path = Base.lproj/LaunchScreen.xib; sourceTree = "<group>"; };
		41A781F61B1750610081A84C /* SuperFriendsTests.xctest */ = {isa = PBXFileReference; explicitFileType = wrapper.cfbundle; includeInIndex = 0; path = SuperFriendsTests.xctest; sourceTree = BUILT_PRODUCTS_DIR; };
		41A781FB1B1750610081A84C /* Info.plist */ = {isa = PBXFileReference; lastKnownFileType = text.plist.xml; path = Info.plist; sourceTree = "<group>"; };
		41A781FC1B1750610081A84C /* SuperFriendsTests.swift */ = {isa = PBXFileReference; lastKnownFileType = sourcecode.swift; path = SuperFriendsTests.swift; sourceTree = "<group>"; };
		41A782071B1752D10081A84C /* Bolts.framework */ = {isa = PBXFileReference; lastKnownFileType = wrapper.framework; path = Bolts.framework; sourceTree = "<group>"; };
		41A782091B1752DD0081A84C /* Parse.framework */ = {isa = PBXFileReference; lastKnownFileType = wrapper.framework; path = Parse.framework; sourceTree = "<group>"; };
		41A7820B1B1753630081A84C /* AudioToolbox.framework */ = {isa = PBXFileReference; lastKnownFileType = wrapper.framework; name = AudioToolbox.framework; path = System/Library/Frameworks/AudioToolbox.framework; sourceTree = SDKROOT; };
		41A7820D1B1753770081A84C /* CFNetwork.framework */ = {isa = PBXFileReference; lastKnownFileType = wrapper.framework; name = CFNetwork.framework; path = System/Library/Frameworks/CFNetwork.framework; sourceTree = SDKROOT; };
		41A7820F1B1753810081A84C /* CoreGraphics.framework */ = {isa = PBXFileReference; lastKnownFileType = wrapper.framework; name = CoreGraphics.framework; path = System/Library/Frameworks/CoreGraphics.framework; sourceTree = SDKROOT; };
		41A782111B17538B0081A84C /* CoreLocation.framework */ = {isa = PBXFileReference; lastKnownFileType = wrapper.framework; name = CoreLocation.framework; path = System/Library/Frameworks/CoreLocation.framework; sourceTree = SDKROOT; };
		41A782131B1753950081A84C /* MobileCoreServices.framework */ = {isa = PBXFileReference; lastKnownFileType = wrapper.framework; name = MobileCoreServices.framework; path = System/Library/Frameworks/MobileCoreServices.framework; sourceTree = SDKROOT; };
		41A782151B1753AA0081A84C /* QuartzCore.framework */ = {isa = PBXFileReference; lastKnownFileType = wrapper.framework; name = QuartzCore.framework; path = System/Library/Frameworks/QuartzCore.framework; sourceTree = SDKROOT; };
		41A782171B1753B40081A84C /* Security.framework */ = {isa = PBXFileReference; lastKnownFileType = wrapper.framework; name = Security.framework; path = System/Library/Frameworks/Security.framework; sourceTree = SDKROOT; };
		41A782191B1753BD0081A84C /* StoreKit.framework */ = {isa = PBXFileReference; lastKnownFileType = wrapper.framework; name = StoreKit.framework; path = System/Library/Frameworks/StoreKit.framework; sourceTree = SDKROOT; };
		41A7821B1B1753C60081A84C /* SystemConfiguration.framework */ = {isa = PBXFileReference; lastKnownFileType = wrapper.framework; name = SystemConfiguration.framework; path = System/Library/Frameworks/SystemConfiguration.framework; sourceTree = SDKROOT; };
		41A7821D1B1753D90081A84C /* libz.dylib */ = {isa = PBXFileReference; lastKnownFileType = "compiled.mach-o.dylib"; name = libz.dylib; path = usr/lib/libz.dylib; sourceTree = SDKROOT; };
		41A7821F1B1753EB0081A84C /* libsqlite3.dylib */ = {isa = PBXFileReference; lastKnownFileType = "compiled.mach-o.dylib"; name = libsqlite3.dylib; path = usr/lib/libsqlite3.dylib; sourceTree = SDKROOT; };
/* End PBXFileReference section */

/* Begin PBXFrameworksBuildPhase section */
		41A781DC1B1750610081A84C /* Frameworks */ = {
			isa = PBXFrameworksBuildPhase;
			buildActionMask = 2147483647;
			files = (
				41A782201B1753EB0081A84C /* libsqlite3.dylib in Frameworks */,
				41A7821E1B1753D90081A84C /* libz.dylib in Frameworks */,
				41A7821C1B1753C70081A84C /* SystemConfiguration.framework in Frameworks */,
				41A7821A1B1753BD0081A84C /* StoreKit.framework in Frameworks */,
				41A782181B1753B40081A84C /* Security.framework in Frameworks */,
				41A782161B1753AA0081A84C /* QuartzCore.framework in Frameworks */,
				41A782141B1753950081A84C /* MobileCoreServices.framework in Frameworks */,
				41A782121B17538B0081A84C /* CoreLocation.framework in Frameworks */,
				41A782101B1753810081A84C /* CoreGraphics.framework in Frameworks */,
				41A7820E1B1753770081A84C /* CFNetwork.framework in Frameworks */,
				41A7820C1B1753630081A84C /* AudioToolbox.framework in Frameworks */,
				41A7820A1B1752DD0081A84C /* Parse.framework in Frameworks */,
				41A782081B1752D10081A84C /* Bolts.framework in Frameworks */,
			);
			runOnlyForDeploymentPostprocessing = 0;
		};
		41A781F31B1750610081A84C /* Frameworks */ = {
			isa = PBXFrameworksBuildPhase;
			buildActionMask = 2147483647;
			files = (
			);
			runOnlyForDeploymentPostprocessing = 0;
		};
/* End PBXFrameworksBuildPhase section */

/* Begin PBXGroup section */
		41A781D61B1750610081A84C = {
			isa = PBXGroup;
			children = (
				41A781E11B1750610081A84C /* SuperFriends */,
				41A781F91B1750610081A84C /* SuperFriendsTests */,
				41A781E01B1750610081A84C /* Products */,
				41A782061B1752A60081A84C /* Frameworks */,
			);
			sourceTree = "<group>";
		};
		41A781E01B1750610081A84C /* Products */ = {
			isa = PBXGroup;
			children = (
				41A781DF1B1750610081A84C /* SuperFriends.app */,
				41A781F61B1750610081A84C /* SuperFriendsTests.xctest */,
			);
			name = Products;
			sourceTree = "<group>";
		};
		41A781E11B1750610081A84C /* SuperFriends */ = {
			isa = PBXGroup;
			children = (
				41A781E41B1750610081A84C /* AppDelegate.swift */,
				41A781E61B1750610081A84C /* MasterViewController.swift */,
				41A781E81B1750610081A84C /* DetailViewController.swift */,
				41A781EA1B1750610081A84C /* Main.storyboard */,
				41A781ED1B1750610081A84C /* Images.xcassets */,
				41A781EF1B1750610081A84C /* LaunchScreen.xib */,
				41A781E21B1750610081A84C /* Supporting Files */,
			);
			path = SuperFriends;
			sourceTree = "<group>";
		};
		41A781E21B1750610081A84C /* Supporting Files */ = {
			isa = PBXGroup;
			children = (
				41A781E31B1750610081A84C /* Info.plist */,
			);
			name = "Supporting Files";
			sourceTree = "<group>";
		};
		41A781F91B1750610081A84C /* SuperFriendsTests */ = {
			isa = PBXGroup;
			children = (
				41A781FC1B1750610081A84C /* SuperFriendsTests.swift */,
				41A781FA1B1750610081A84C /* Supporting Files */,
			);
			path = SuperFriendsTests;
			sourceTree = "<group>";
		};
		41A781FA1B1750610081A84C /* Supporting Files */ = {
			isa = PBXGroup;
			children = (
				41A781FB1B1750610081A84C /* Info.plist */,
			);
			name = "Supporting Files";
			sourceTree = "<group>";
		};
		41A782061B1752A60081A84C /* Frameworks */ = {
			isa = PBXGroup;
			children = (
				41A7821F1B1753EB0081A84C /* libsqlite3.dylib */,
				41A7821D1B1753D90081A84C /* libz.dylib */,
				41A7821B1B1753C60081A84C /* SystemConfiguration.framework */,
				41A782191B1753BD0081A84C /* StoreKit.framework */,
				41A782171B1753B40081A84C /* Security.framework */,
				41A782151B1753AA0081A84C /* QuartzCore.framework */,
				41A782131B1753950081A84C /* MobileCoreServices.framework */,
				41A782111B17538B0081A84C /* CoreLocation.framework */,
				41A7820F1B1753810081A84C /* CoreGraphics.framework */,
				41A7820D1B1753770081A84C /* CFNetwork.framework */,
				41A7820B1B1753630081A84C /* AudioToolbox.framework */,
				41A782091B1752DD0081A84C /* Parse.framework */,
				41A782071B1752D10081A84C /* Bolts.framework */,
			);
			name = Frameworks;
			sourceTree = "<group>";
		};
/* End PBXGroup section */

/* Begin PBXNativeTarget section */
		41A781DE1B1750610081A84C /* SuperFriends */ = {
			isa = PBXNativeTarget;
			buildConfigurationList = 41A782001B1750610081A84C /* Build configuration list for PBXNativeTarget "SuperFriends" */;
			buildPhases = (
				41A781DB1B1750610081A84C /* Sources */,
				41A781DC1B1750610081A84C /* Frameworks */,
				41A781DD1B1750610081A84C /* Resources */,
			);
			buildRules = (
			);
			dependencies = (
			);
			name = SuperFriends;
			productName = SuperFriends;
			productReference = 41A781DF1B1750610081A84C /* SuperFriends.app */;
			productType = "com.apple.product-type.application";
		};
		41A781F51B1750610081A84C /* SuperFriendsTests */ = {
			isa = PBXNativeTarget;
			buildConfigurationList = 41A782031B1750610081A84C /* Build configuration list for PBXNativeTarget "SuperFriendsTests" */;
			buildPhases = (
				41A781F21B1750610081A84C /* Sources */,
				41A781F31B1750610081A84C /* Frameworks */,
				41A781F41B1750610081A84C /* Resources */,
			);
			buildRules = (
			);
			dependencies = (
				41A781F81B1750610081A84C /* PBXTargetDependency */,
			);
			name = SuperFriendsTests;
			productName = SuperFriendsTests;
			productReference = 41A781F61B1750610081A84C /* SuperFriendsTests.xctest */;
			productType = "com.apple.product-type.bundle.unit-test";
		};
/* End PBXNativeTarget section */

/* Begin PBXProject section */
		41A781D71B1750610081A84C /* Project object */ = {
			isa = PBXProject;
			attributes = {
				LastUpgradeCheck = 0630;
				ORGANIZATIONNAME = "James Williams";
				TargetAttributes = {
					41A781DE1B1750610081A84C = {
						CreatedOnToolsVersion = 6.3.1;
					};
					41A781F51B1750610081A84C = {
						CreatedOnToolsVersion = 6.3.1;
						TestTargetID = 41A781DE1B1750610081A84C;
					};
				};
			};
			buildConfigurationList = 41A781DA1B1750610081A84C /* Build configuration list for PBXProject "SuperFriends" */;
			compatibilityVersion = "Xcode 3.2";
			developmentRegion = English;
			hasScannedForEncodings = 0;
			knownRegions = (
				en,
				Base,
			);
			mainGroup = 41A781D61B1750610081A84C;
			productRefGroup = 41A781E01B1750610081A84C /* Products */;
			projectDirPath = "";
			projectRoot = "";
			targets = (
				41A781DE1B1750610081A84C /* SuperFriends */,
				41A781F51B1750610081A84C /* SuperFriendsTests */,
			);
		};
/* End PBXProject section */

/* Begin PBXResourcesBuildPhase section */
		41A781DD1B1750610081A84C /* Resources */ = {
			isa = PBXResourcesBuildPhase;
			buildActionMask = 2147483647;
			files = (
				41A781EC1B1750610081A84C /* Main.storyboard in Resources */,
				41A781F11B1750610081A84C /* LaunchScreen.xib in Resources */,
				41A781EE1B1750610081A84C /* Images.xcassets in Resources */,
			);
			runOnlyForDeploymentPostprocessing = 0;
		};
		41A781F41B1750610081A84C /* Resources */ = {
			isa = PBXResourcesBuildPhase;
			buildActionMask = 2147483647;
			files = (
			);
			runOnlyForDeploymentPostprocessing = 0;
		};
/* End PBXResourcesBuildPhase section */

/* Begin PBXSourcesBuildPhase section */
		41A781DB1B1750610081A84C /* Sources */ = {
			isa = PBXSourcesBuildPhase;
			buildActionMask = 2147483647;
			files = (
				41A781E91B1750610081A84C /* DetailViewController.swift in Sources */,
				41A781E71B1750610081A84C /* MasterViewController.swift in Sources */,
				41A781E51B1750610081A84C /* AppDelegate.swift in Sources */,
			);
			runOnlyForDeploymentPostprocessing = 0;
		};
		41A781F21B1750610081A84C /* Sources */ = {
			isa = PBXSourcesBuildPhase;
			buildActionMask = 2147483647;
			files = (
				41A781FD1B1750610081A84C /* SuperFriendsTests.swift in Sources */,
			);
			runOnlyForDeploymentPostprocessing = 0;
		};
/* End PBXSourcesBuildPhase section */

/* Begin PBXTargetDependency section */
		41A781F81B1750610081A84C /* PBXTargetDependency */ = {
			isa = PBXTargetDependency;
			target = 41A781DE1B1750610081A84C /* SuperFriends */;
			targetProxy = 41A781F71B1750610081A84C /* PBXContainerItemProxy */;
		};
/* End PBXTargetDependency section */

/* Begin PBXVariantGroup section */
		41A781EA1B1750610081A84C /* Main.storyboard */ = {
			isa = PBXVariantGroup;
			children = (
				41A781EB1B1750610081A84C /* Base */,
			);
			name = Main.storyboard;
			sourceTree = "<group>";
		};
		41A781EF1B1750610081A84C /* LaunchScreen.xib */ = {
			isa = PBXVariantGroup;
			children = (
				41A781F01B1750610081A84C /* Base */,
			);
			name = LaunchScreen.xib;
			sourceTree = "<group>";
		};
/* End PBXVariantGroup section */

/* Begin XCBuildConfiguration section */
		41A781FE1B1750610081A84C /* Debug */ = {
			isa = XCBuildConfiguration;
			buildSettings = {
				ALWAYS_SEARCH_USER_PATHS = NO;
				CLANG_CXX_LANGUAGE_STANDARD = "gnu++0x";
				CLANG_CXX_LIBRARY = "libc++";
				CLANG_ENABLE_MODULES = YES;
				CLANG_ENABLE_OBJC_ARC = YES;
				CLANG_WARN_BOOL_CONVERSION = YES;
				CLANG_WARN_CONSTANT_CONVERSION = YES;
				CLANG_WARN_DIRECT_OBJC_ISA_USAGE = YES_ERROR;
				CLANG_WARN_EMPTY_BODY = YES;
				CLANG_WARN_ENUM_CONVERSION = YES;
				CLANG_WARN_INT_CONVERSION = YES;
				CLANG_WARN_OBJC_ROOT_CLASS = YES_ERROR;
				CLANG_WARN_UNREACHABLE_CODE = YES;
				CLANG_WARN__DUPLICATE_METHOD_MATCH = YES;
				"CODE_SIGN_IDENTITY[sdk=iphoneos*]" = "iPhone Developer";
				COPY_PHASE_STRIP = NO;
				DEBUG_INFORMATION_FORMAT = "dwarf-with-dsym";
				ENABLE_STRICT_OBJC_MSGSEND = YES;
				GCC_C_LANGUAGE_STANDARD = gnu99;
				GCC_DYNAMIC_NO_PIC = NO;
				GCC_NO_COMMON_BLOCKS = YES;
				GCC_OPTIMIZATION_LEVEL = 0;
				GCC_PREPROCESSOR_DEFINITIONS = (
					"DEBUG=1",
					"$(inherited)",
				);
				GCC_SYMBOLS_PRIVATE_EXTERN = NO;
				GCC_WARN_64_TO_32_BIT_CONVERSION = YES;
				GCC_WARN_ABOUT_RETURN_TYPE = YES_ERROR;
				GCC_WARN_UNDECLARED_SELECTOR = YES;
				GCC_WARN_UNINITIALIZED_AUTOS = YES_AGGRESSIVE;
				GCC_WARN_UNUSED_FUNCTION = YES;
				GCC_WARN_UNUSED_VARIABLE = YES;
				IPHONEOS_DEPLOYMENT_TARGET = 8.3;
				MTL_ENABLE_DEBUG_INFO = YES;
				ONLY_ACTIVE_ARCH = YES;
				SDKROOT = iphoneos;
				SWIFT_OPTIMIZATION_LEVEL = "-Onone";
				TARGETED_DEVICE_FAMILY = "1,2";
			};
			name = Debug;
		};
		41A781FF1B1750610081A84C /* Release */ = {
			isa = XCBuildConfiguration;
			buildSettings = {
				ALWAYS_SEARCH_USER_PATHS = NO;
				CLANG_CXX_LANGUAGE_STANDARD = "gnu++0x";
				CLANG_CXX_LIBRARY = "libc++";
				CLANG_ENABLE_MODULES = YES;
				CLANG_ENABLE_OBJC_ARC = YES;
				CLANG_WARN_BOOL_CONVERSION = YES;
				CLANG_WARN_CONSTANT_CONVERSION = YES;
				CLANG_WARN_DIRECT_OBJC_ISA_USAGE = YES_ERROR;
				CLANG_WARN_EMPTY_BODY = YES;
				CLANG_WARN_ENUM_CONVERSION = YES;
				CLANG_WARN_INT_CONVERSION = YES;
				CLANG_WARN_OBJC_ROOT_CLASS = YES_ERROR;
				CLANG_WARN_UNREACHABLE_CODE = YES;
				CLANG_WARN__DUPLICATE_METHOD_MATCH = YES;
				"CODE_SIGN_IDENTITY[sdk=iphoneos*]" = "iPhone Developer";
				COPY_PHASE_STRIP = NO;
				DEBUG_INFORMATION_FORMAT = "dwarf-with-dsym";
				ENABLE_NS_ASSERTIONS = NO;
				ENABLE_STRICT_OBJC_MSGSEND = YES;
				GCC_C_LANGUAGE_STANDARD = gnu99;
				GCC_NO_COMMON_BLOCKS = YES;
				GCC_WARN_64_TO_32_BIT_CONVERSION = YES;
				GCC_WARN_ABOUT_RETURN_TYPE = YES_ERROR;
				GCC_WARN_UNDECLARED_SELECTOR = YES;
				GCC_WARN_UNINITIALIZED_AUTOS = YES_AGGRESSIVE;
				GCC_WARN_UNUSED_FUNCTION = YES;
				GCC_WARN_UNUSED_VARIABLE = YES;
				IPHONEOS_DEPLOYMENT_TARGET = 8.3;
				MTL_ENABLE_DEBUG_INFO = NO;
				SDKROOT = iphoneos;
				TARGETED_DEVICE_FAMILY = "1,2";
				VALIDATE_PRODUCT = YES;
			};
			name = Release;
		};
		41A782011B1750610081A84C /* Debug */ = {
			isa = XCBuildConfiguration;
			buildSettings = {
				ASSETCATALOG_COMPILER_APPICON_NAME = AppIcon;
				FRAMEWORK_SEARCH_PATHS = (
					"$(inherited)",
					"$(PROJECT_DIR)",
				);
				INFOPLIST_FILE = SuperFriends/Info.plist;
				LD_RUNPATH_SEARCH_PATHS = "$(inherited) @executable_path/Frameworks";
				PRODUCT_NAME = "$(TARGET_NAME)";
			};
			name = Debug;
		};
		41A782021B1750610081A84C /* Release */ = {
			isa = XCBuildConfiguration;
			buildSettings = {
				ASSETCATALOG_COMPILER_APPICON_NAME = AppIcon;
				FRAMEWORK_SEARCH_PATHS = (
					"$(inherited)",
					"$(PROJECT_DIR)",
				);
				INFOPLIST_FILE = SuperFriends/Info.plist;
				LD_RUNPATH_SEARCH_PATHS = "$(inherited) @executable_path/Frameworks";
				PRODUCT_NAME = "$(TARGET_NAME)";
			};
			name = Release;
		};
		41A782041B1750610081A84C /* Debug */ = {
			isa = XCBuildConfiguration;
			buildSettings = {
				BUNDLE_LOADER = "$(TEST_HOST)";
				FRAMEWORK_SEARCH_PATHS = (
					"$(SDKROOT)/Developer/Library/Frameworks",
					"$(inherited)",
				);
				GCC_PREPROCESSOR_DEFINITIONS = (
					"DEBUG=1",
					"$(inherited)",
				);
				INFOPLIST_FILE = SuperFriendsTests/Info.plist;
				LD_RUNPATH_SEARCH_PATHS = "$(inherited) @executable_path/Frameworks @loader_path/Frameworks";
				PRODUCT_NAME = "$(TARGET_NAME)";
				TEST_HOST = "$(BUILT_PRODUCTS_DIR)/SuperFriends.app/SuperFriends";
			};
			name = Debug;
		};
		41A782051B1750610081A84C /* Release */ = {
			isa = XCBuildConfiguration;
			buildSettings = {
				BUNDLE_LOADER = "$(TEST_HOST)";
				FRAMEWORK_SEARCH_PATHS = (
					"$(SDKROOT)/Developer/Library/Frameworks",
					"$(inherited)",
				);
				INFOPLIST_FILE = SuperFriendsTests/Info.plist;
				LD_RUNPATH_SEARCH_PATHS = "$(inherited) @executable_path/Frameworks @loader_path/Frameworks";
				PRODUCT_NAME = "$(TARGET_NAME)";
				TEST_HOST = "$(BUILT_PRODUCTS_DIR)/SuperFriends.app/SuperFriends";
			};
			name = Release;
		};
/* End XCBuildConfiguration section */

/* Begin XCConfigurationList section */
		41A781DA1B1750610081A84C /* Build configuration list for PBXProject "SuperFriends" */ = {
			isa = XCConfigurationList;
			buildConfigurations = (
				41A781FE1B1750610081A84C /* Debug */,
				41A781FF1B1750610081A84C /* Release */,
			);
			defaultConfigurationIsVisible = 0;
			defaultConfigurationName = Release;
		};
		41A782001B1750610081A84C /* Build configuration list for PBXNativeTarget "SuperFriends" */ = {
			isa = XCConfigurationList;
			buildConfigurations = (
				41A782011B1750610081A84C /* Debug */,
				41A782021B1750610081A84C /* Release */,
			);
			defaultConfigurationIsVisible = 0;
		};
		41A782031B1750610081A84C /* Build configuration list for PBXNativeTarget "SuperFriendsTests" */ = {
			isa = XCConfigurationList;
			buildConfigurations = (
				41A782041B1750610081A84C /* Debug */,
				41A782051B1750610081A84C /* Release */,
			);
			defaultConfigurationIsVisible = 0;
		};
/* End XCConfigurationList section */
	};
	rootObject = 41A781D71B1750610081A84C /* Project object */;
}
